
Microsoft Visual Studio Solution File, Format Version 12.00
Project("{FAE04EC0-301F-11D3-BF4B-00C04F79EFBC}") = "ScpChat", "ScpChat\ScpChat.csproj", "{63CD72E6-6E43-4528-8D9F-1033D071287F}"
EndProject
Global
	GlobalSection(SolutionConfigurationPlatforms) = preSolution
		Debug|Any CPU = Debug|Any CPU
		Release|Any CPU = Release|Any CPU
	EndGlobalSection
	GlobalSection(ProjectConfigurationPlatforms) = postSolution
		{63CD72E6-6E43-4528-8D9F-1033D071287F}.Debug|Any CPU.ActiveCfg = Debug|Any CPU
		{63CD72E6-6E43-4528-8D9F-1033D071287F}.Debug|Any CPU.Build.0 = Debug|Any CPU
		{63CD72E6-6E43-4528-8D9F-1033D071287F}.Release|Any CPU.ActiveCfg = Release|Any CPU
		{63CD72E6-6E43-4528-8D9F-1033D071287F}.Release|Any CPU.Build.0 = Release|Any CPU
	EndGlobalSection
EndGlobal
